
Microsoft Visual Studio Solution File, Format Version 12.00
# Visual Studio 2012
Project("{FAE04EC0-301F-11D3-BF4B-00C04F79EFBC}") = "Run00.SqlCopy", "Run00.SqlCopy\Run00.SqlCopy.csproj", "{95CBC5A8-489A-4D3E-A01E-88F0F165DA8B}"
EndProject
Project("{2150E333-8FDC-42A3-9474-1A3956D46DE8}") = ".nuget", ".nuget", "{0C76AAD2-A086-4FD7-ACCE-96AE6F23A284}"
	ProjectSection(SolutionItems) = preProject
		.nuget\NuGet.Config = .nuget\NuGet.Config
		.nuget\NuGet.exe = .nuget\NuGet.exe
		.nuget\NuGet.targets = .nuget\NuGet.targets
	EndProjectSection
EndProject
Project("{FAE04EC0-301F-11D3-BF4B-00C04F79EFBC}") = "Run00.SqlCopySchema", "Run00.SqlCopySchema\Run00.SqlCopySchema.csproj", "{1B7095CF-3D8B-4686-A385-6D71FD7B7763}"
EndProject
Project("{FAE04EC0-301F-11D3-BF4B-00C04F79EFBC}") = "Run00.SqlCopyDynamicContext", "Run00.SqlCopyDynamicContext\Run00.SqlCopyDynamicContext.csproj", "{6C7DF9DB-A5E2-4D53-AB47-4EA32FA14AA9}"
EndProject
Project("{FAE04EC0-301F-11D3-BF4B-00C04F79EFBC}") = "Run00.SqlCopy.IntegrationTest", "Run00.SqlCopy.IntegrationTest\Run00.SqlCopy.IntegrationTest.csproj", "{4848555B-0976-415A-BDD6-28A7C9254781}"
EndProject
Project("{FAE04EC0-301F-11D3-BF4B-00C04F79EFBC}") = "Run00.SqlCopyData", "Run00.SqlCopyData\Run00.SqlCopyData.csproj", "{DA7025D8-091A-41C6-8E27-825DB1F060E8}"
EndProject
Project("{FAE04EC0-301F-11D3-BF4B-00C04F79EFBC}") = "Run00.SqlCopySqlServer", "Run00.SqlCopySqlServer\Run00.SqlCopySqlServer.csproj", "{96B1820C-91B6-4795-842D-184AE5E485FD}"
EndProject
Global
	GlobalSection(SolutionConfigurationPlatforms) = preSolution
		Debug|Any CPU = Debug|Any CPU
		Release|Any CPU = Release|Any CPU
	EndGlobalSection
	GlobalSection(ProjectConfigurationPlatforms) = postSolution
		{95CBC5A8-489A-4D3E-A01E-88F0F165DA8B}.Debug|Any CPU.ActiveCfg = Debug|Any CPU
		{95CBC5A8-489A-4D3E-A01E-88F0F165DA8B}.Debug|Any CPU.Build.0 = Debug|Any CPU
		{95CBC5A8-489A-4D3E-A01E-88F0F165DA8B}.Release|Any CPU.ActiveCfg = Release|Any CPU
		{95CBC5A8-489A-4D3E-A01E-88F0F165DA8B}.Release|Any CPU.Build.0 = Release|Any CPU
		{1B7095CF-3D8B-4686-A385-6D71FD7B7763}.Debug|Any CPU.ActiveCfg = Debug|Any CPU
		{1B7095CF-3D8B-4686-A385-6D71FD7B7763}.Debug|Any CPU.Build.0 = Debug|Any CPU
		{1B7095CF-3D8B-4686-A385-6D71FD7B7763}.Release|Any CPU.ActiveCfg = Release|Any CPU
		{1B7095CF-3D8B-4686-A385-6D71FD7B7763}.Release|Any CPU.Build.0 = Release|Any CPU
		{6C7DF9DB-A5E2-4D53-AB47-4EA32FA14AA9}.Debug|Any CPU.ActiveCfg = Debug|Any CPU
		{6C7DF9DB-A5E2-4D53-AB47-4EA32FA14AA9}.Debug|Any CPU.Build.0 = Debug|Any CPU
		{6C7DF9DB-A5E2-4D53-AB47-4EA32FA14AA9}.Release|Any CPU.ActiveCfg = Release|Any CPU
		{6C7DF9DB-A5E2-4D53-AB47-4EA32FA14AA9}.Release|Any CPU.Build.0 = Release|Any CPU
		{4848555B-0976-415A-BDD6-28A7C9254781}.Debug|Any CPU.ActiveCfg = Debug|Any CPU
		{4848555B-0976-415A-BDD6-28A7C9254781}.Debug|Any CPU.Build.0 = Debug|Any CPU
		{4848555B-0976-415A-BDD6-28A7C9254781}.Release|Any CPU.ActiveCfg = Release|Any CPU
		{4848555B-0976-415A-BDD6-28A7C9254781}.Release|Any CPU.Build.0 = Release|Any CPU
		{DA7025D8-091A-41C6-8E27-825DB1F060E8}.Debug|Any CPU.ActiveCfg = Debug|Any CPU
		{DA7025D8-091A-41C6-8E27-825DB1F060E8}.Debug|Any CPU.Build.0 = Debug|Any CPU
		{DA7025D8-091A-41C6-8E27-825DB1F060E8}.Release|Any CPU.ActiveCfg = Release|Any CPU
		{DA7025D8-091A-41C6-8E27-825DB1F060E8}.Release|Any CPU.Build.0 = Release|Any CPU
		{96B1820C-91B6-4795-842D-184AE5E485FD}.Debug|Any CPU.ActiveCfg = Debug|Any CPU
		{96B1820C-91B6-4795-842D-184AE5E485FD}.Debug|Any CPU.Build.0 = Debug|Any CPU
		{96B1820C-91B6-4795-842D-184AE5E485FD}.Release|Any CPU.ActiveCfg = Release|Any CPU
		{96B1820C-91B6-4795-842D-184AE5E485FD}.Release|Any CPU.Build.0 = Release|Any CPU
	EndGlobalSection
	GlobalSection(SolutionProperties) = preSolution
		HideSolutionNode = FALSE
	EndGlobalSection
EndGlobal
